// !$*UTF8*$!
{
	archiveVersion = 1;
	classes = {
	};
	objectVersion = 50;
	objects = {

/* Begin PBXBuildFile section */
		27E0BB9F1B612AAFCFD138D5 /* libPods-HWLMutableLabel.a in Frameworks */ = {isa = PBXBuildFile; fileRef = 9E5079A5DB9C8428C27D7737 /* libPods-HWLMutableLabel.a */; };
		838306A62326955B00186E51 /* AppDelegate.m in Sources */ = {isa = PBXBuildFile; fileRef = 838306A52326955B00186E51 /* AppDelegate.m */; };
		838306A92326955B00186E51 /* SceneDelegate.m in Sources */ = {isa = PBXBuildFile; fileRef = 838306A82326955B00186E51 /* SceneDelegate.m */; };
		838306AC2326955B00186E51 /* ViewController.m in Sources */ = {isa = PBXBuildFile; fileRef = 838306AB2326955B00186E51 /* ViewController.m */; };
		838306AF2326955B00186E51 /* Main.storyboard in Resources */ = {isa = PBXBuildFile; fileRef = 838306AD2326955B00186E51 /* Main.storyboard */; };
		838306B12326955C00186E51 /* Assets.xcassets in Resources */ = {isa = PBXBuildFile; fileRef = 838306B02326955C00186E51 /* Assets.xcassets */; };
		838306B42326955C00186E51 /* LaunchScreen.storyboard in Resources */ = {isa = PBXBuildFile; fileRef = 838306B22326955C00186E51 /* LaunchScreen.storyboard */; };
		838306B72326955C00186E51 /* main.m in Sources */ = {isa = PBXBuildFile; fileRef = 838306B62326955C00186E51 /* main.m */; };
		838306C12326955C00186E51 /* HWLMutableLabelTests.m in Sources */ = {isa = PBXBuildFile; fileRef = 838306C02326955C00186E51 /* HWLMutableLabelTests.m */; };
		838306CC2326955C00186E51 /* HWLMutableLabelUITests.m in Sources */ = {isa = PBXBuildFile; fileRef = 838306CB2326955C00186E51 /* HWLMutableLabelUITests.m */; };
		838306DF232695EA00186E51 /* UILabel+NSAttributedString.m in Sources */ = {isa = PBXBuildFile; fileRef = 838306DE232695EA00186E51 /* UILabel+NSAttributedString.m */; };
		838306E2232698FE00186E51 /* HWLMutableLabel.m in Sources */ = {isa = PBXBuildFile; fileRef = 838306E0232698FE00186E51 /* HWLMutableLabel.m */; };
		CFB7F3B933BFE2A1C70BA1EC /* libPods-HWLMutableLabelTests.a in Frameworks */ = {isa = PBXBuildFile; fileRef = E4DD245EA3D4448503031AAF /* libPods-HWLMutableLabelTests.a */; };
		DEF30581B8F0CE235C579D66 /* libPods-HWLMutableLabelUITests.a in Frameworks */ = {isa = PBXBuildFile; fileRef = 5461F1E3F87E50E9ECE3C927 /* libPods-HWLMutableLabelUITests.a */; };
/* End PBXBuildFile section */

/* Begin PBXContainerItemProxy section */
		838306BD2326955C00186E51 /* PBXContainerItemProxy */ = {
			isa = PBXContainerItemProxy;
			containerPortal = 838306992326955A00186E51 /* Project object */;
			proxyType = 1;
			remoteGlobalIDString = 838306A02326955A00186E51;
			remoteInfo = HWLMutableLabel;
		};
		838306C82326955C00186E51 /* PBXContainerItemProxy */ = {
			isa = PBXContainerItemProxy;
			containerPortal = 838306992326955A00186E51 /* Project object */;
			proxyType = 1;
			remoteGlobalIDString = 838306A02326955A00186E51;
			remoteInfo = HWLMutableLabel;
		};
/* End PBXContainerItemProxy section */

/* Begin PBXFileReference section */
		5461F1E3F87E50E9ECE3C927 /* libPods-HWLMutableLabelUITests.a */ = {isa = PBXFileReference; explicitFileType = archive.ar; includeInIndex = 0; path = "libPods-HWLMutableLabelUITests.a"; sourceTree = BUILT_PRODUCTS_DIR; };
		6B0C81FD71AA020BBC59F82F /* Pods-HWLMutableLabelTests.debug.xcconfig */ = {isa = PBXFileReference; includeInIndex = 1; lastKnownFileType = text.xcconfig; name = "Pods-HWLMutableLabelTests.debug.xcconfig"; path = "Pods/Target Support Files/Pods-HWLMutableLabelTests/Pods-HWLMutableLabelTests.debug.xcconfig"; sourceTree = "<group>"; };
		6F67E715293C68E4ED93C519 /* Pods-HWLMutableLabelUITests.release.xcconfig */ = {isa = PBXFileReference; includeInIndex = 1; lastKnownFileType = text.xcconfig; name = "Pods-HWLMutableLabelUITests.release.xcconfig"; path = "Pods/Target Support Files/Pods-HWLMutableLabelUITests/Pods-HWLMutableLabelUITests.release.xcconfig"; sourceTree = "<group>"; };
		838306A12326955A00186E51 /* HWLMutableLabel.app */ = {isa = PBXFileReference; explicitFileType = wrapper.application; includeInIndex = 0; path = HWLMutableLabel.app; sourceTree = BUILT_PRODUCTS_DIR; };
		838306A42326955B00186E51 /* AppDelegate.h */ = {isa = PBXFileReference; lastKnownFileType = sourcecode.c.h; path = AppDelegate.h; sourceTree = "<group>"; };
		838306A52326955B00186E51 /* AppDelegate.m */ = {isa = PBXFileReference; lastKnownFileType = sourcecode.c.objc; path = AppDelegate.m; sourceTree = "<group>"; };
		838306A72326955B00186E51 /* SceneDelegate.h */ = {isa = PBXFileReference; lastKnownFileType = sourcecode.c.h; path = SceneDelegate.h; sourceTree = "<group>"; };
		838306A82326955B00186E51 /* SceneDelegate.m */ = {isa = PBXFileReference; lastKnownFileType = sourcecode.c.objc; path = SceneDelegate.m; sourceTree = "<group>"; };
		838306AA2326955B00186E51 /* ViewController.h */ = {isa = PBXFileReference; lastKnownFileType = sourcecode.c.h; path = ViewController.h; sourceTree = "<group>"; };
		838306AB2326955B00186E51 /* ViewController.m */ = {isa = PBXFileReference; lastKnownFileType = sourcecode.c.objc; path = ViewController.m; sourceTree = "<group>"; };
		838306AE2326955B00186E51 /* Base */ = {isa = PBXFileReference; lastKnownFileType = file.storyboard; name = Base; path = Base.lproj/Main.storyboard; sourceTree = "<group>"; };
		838306B02326955C00186E51 /* Assets.xcassets */ = {isa = PBXFileReference; lastKnownFileType = folder.assetcatalog; path = Assets.xcassets; sourceTree = "<group>"; };
		838306B32326955C00186E51 /* Base */ = {isa = PBXFileReference; lastKnownFileType = file.storyboard; name = Base; path = Base.lproj/LaunchScreen.storyboard; sourceTree = "<group>"; };
		838306B52326955C00186E51 /* Info.plist */ = {isa = PBXFileReference; lastKnownFileType = text.plist.xml; path = Info.plist; sourceTree = "<group>"; };
		838306B62326955C00186E51 /* main.m */ = {isa = PBXFileReference; lastKnownFileType = sourcecode.c.objc; path = main.m; sourceTree = "<group>"; };
		838306BC2326955C00186E51 /* HWLMutableLabelTests.xctest */ = {isa = PBXFileReference; explicitFileType = wrapper.cfbundle; includeInIndex = 0; path = HWLMutableLabelTests.xctest; sourceTree = BUILT_PRODUCTS_DIR; };
		838306C02326955C00186E51 /* HWLMutableLabelTests.m */ = {isa = PBXFileReference; lastKnownFileType = sourcecode.c.objc; path = HWLMutableLabelTests.m; sourceTree = "<group>"; };
		838306C22326955C00186E51 /* Info.plist */ = {isa = PBXFileReference; lastKnownFileType = text.plist.xml; path = Info.plist; sourceTree = "<group>"; };
		838306C72326955C00186E51 /* HWLMutableLabelUITests.xctest */ = {isa = PBXFileReference; explicitFileType = wrapper.cfbundle; includeInIndex = 0; path = HWLMutableLabelUITests.xctest; sourceTree = BUILT_PRODUCTS_DIR; };
		838306CB2326955C00186E51 /* HWLMutableLabelUITests.m */ = {isa = PBXFileReference; lastKnownFileType = sourcecode.c.objc; path = HWLMutableLabelUITests.m; sourceTree = "<group>"; };
		838306CD2326955C00186E51 /* Info.plist */ = {isa = PBXFileReference; lastKnownFileType = text.plist.xml; path = Info.plist; sourceTree = "<group>"; };
		838306DD232695EA00186E51 /* UILabel+NSAttributedString.h */ = {isa = PBXFileReference; fileEncoding = 4; lastKnownFileType = sourcecode.c.h; path = "UILabel+NSAttributedString.h"; sourceTree = "<group>"; };
		838306DE232695EA00186E51 /* UILabel+NSAttributedString.m */ = {isa = PBXFileReference; fileEncoding = 4; lastKnownFileType = sourcecode.c.objc; path = "UILabel+NSAttributedString.m"; sourceTree = "<group>"; };
		838306E0232698FE00186E51 /* HWLMutableLabel.m */ = {isa = PBXFileReference; fileEncoding = 4; lastKnownFileType = sourcecode.c.objc; path = HWLMutableLabel.m; sourceTree = "<group>"; };
		838306E1232698FE00186E51 /* HWLMutableLabel.h */ = {isa = PBXFileReference; fileEncoding = 4; lastKnownFileType = sourcecode.c.h; path = HWLMutableLabel.h; sourceTree = "<group>"; };
		9E5079A5DB9C8428C27D7737 /* libPods-HWLMutableLabel.a */ = {isa = PBXFileReference; explicitFileType = archive.ar; includeInIndex = 0; path = "libPods-HWLMutableLabel.a"; sourceTree = BUILT_PRODUCTS_DIR; };
		A8F62EEC1586BEB43EE82A86 /* Pods-HWLMutableLabel.release.xcconfig */ = {isa = PBXFileReference; includeInIndex = 1; lastKnownFileType = text.xcconfig; name = "Pods-HWLMutableLabel.release.xcconfig"; path = "Pods/Target Support Files/Pods-HWLMutableLabel/Pods-HWLMutableLabel.release.xcconfig"; sourceTree = "<group>"; };
		AE9C1B7F0CCE380DEEBB8F34 /* Pods-HWLMutableLabelTests.release.xcconfig */ = {isa = PBXFileReference; includeInIndex = 1; lastKnownFileType = text.xcconfig; name = "Pods-HWLMutableLabelTests.release.xcconfig"; path = "Pods/Target Support Files/Pods-HWLMutableLabelTests/Pods-HWLMutableLabelTests.release.xcconfig"; sourceTree = "<group>"; };
		CA34D9AF61EAD0093199EFB9 /* Pods-HWLMutableLabelUITests.debug.xcconfig */ = {isa = PBXFileReference; includeInIndex = 1; lastKnownFileType = text.xcconfig; name = "Pods-HWLMutableLabelUITests.debug.xcconfig"; path = "Pods/Target Support Files/Pods-HWLMutableLabelUITests/Pods-HWLMutableLabelUITests.debug.xcconfig"; sourceTree = "<group>"; };
		D9401C5D4563BD75A8A28B69 /* Pods-HWLMutableLabel.debug.xcconfig */ = {isa = PBXFileReference; includeInIndex = 1; lastKnownFileType = text.xcconfig; name = "Pods-HWLMutableLabel.debug.xcconfig"; path = "Pods/Target Support Files/Pods-HWLMutableLabel/Pods-HWLMutableLabel.debug.xcconfig"; sourceTree = "<group>"; };
		E4DD245EA3D4448503031AAF /* libPods-HWLMutableLabelTests.a */ = {isa = PBXFileReference; explicitFileType = archive.ar; includeInIndex = 0; path = "libPods-HWLMutableLabelTests.a"; sourceTree = BUILT_PRODUCTS_DIR; };
/* End PBXFileReference section */

/* Begin PBXFrameworksBuildPhase section */
		8383069E2326955A00186E51 /* Frameworks */ = {
			isa = PBXFrameworksBuildPhase;
			buildActionMask = 2147483647;
			files = (
				27E0BB9F1B612AAFCFD138D5 /* libPods-HWLMutableLabel.a in Frameworks */,
			);
			runOnlyForDeploymentPostprocessing = 0;
		};
		838306B92326955C00186E51 /* Frameworks */ = {
			isa = PBXFrameworksBuildPhase;
			buildActionMask = 2147483647;
			files = (
				CFB7F3B933BFE2A1C70BA1EC /* libPods-HWLMutableLabelTests.a in Frameworks */,
			);
			runOnlyForDeploymentPostprocessing = 0;
		};
		838306C42326955C00186E51 /* Frameworks */ = {
			isa = PBXFrameworksBuildPhase;
			buildActionMask = 2147483647;
			files = (
				DEF30581B8F0CE235C579D66 /* libPods-HWLMutableLabelUITests.a in Frameworks */,
			);
			runOnlyForDeploymentPostprocessing = 0;
		};
/* End PBXFrameworksBuildPhase section */

/* Begin PBXGroup section */
		5566C25AB3FAD32B08D91582 /* Pods */ = {
			isa = PBXGroup;
			children = (
				D9401C5D4563BD75A8A28B69 /* Pods-HWLMutableLabel.debug.xcconfig */,
				A8F62EEC1586BEB43EE82A86 /* Pods-HWLMutableLabel.release.xcconfig */,
				6B0C81FD71AA020BBC59F82F /* Pods-HWLMutableLabelTests.debug.xcconfig */,
				AE9C1B7F0CCE380DEEBB8F34 /* Pods-HWLMutableLabelTests.release.xcconfig */,
				CA34D9AF61EAD0093199EFB9 /* Pods-HWLMutableLabelUITests.debug.xcconfig */,
				6F67E715293C68E4ED93C519 /* Pods-HWLMutableLabelUITests.release.xcconfig */,
			);
			name = Pods;
			sourceTree = "<group>";
		};
		838306982326955A00186E51 = {
			isa = PBXGroup;
			children = (
				838306D9232695B100186E51 /* Classes */,
				838306A32326955B00186E51 /* HWLMutableLabel */,
				838306BF2326955C00186E51 /* HWLMutableLabelTests */,
				838306CA2326955C00186E51 /* HWLMutableLabelUITests */,
				838306A22326955A00186E51 /* Products */,
				5566C25AB3FAD32B08D91582 /* Pods */,
				DD7A3BEC808552F8D800DF74 /* Frameworks */,
			);
			sourceTree = "<group>";
		};
		838306A22326955A00186E51 /* Products */ = {
			isa = PBXGroup;
			children = (
				838306A12326955A00186E51 /* HWLMutableLabel.app */,
				838306BC2326955C00186E51 /* HWLMutableLabelTests.xctest */,
				838306C72326955C00186E51 /* HWLMutableLabelUITests.xctest */,
			);
			name = Products;
			sourceTree = "<group>";
		};
		838306A32326955B00186E51 /* HWLMutableLabel */ = {
			isa = PBXGroup;
			children = (
				838306A42326955B00186E51 /* AppDelegate.h */,
				838306A52326955B00186E51 /* AppDelegate.m */,
				838306A72326955B00186E51 /* SceneDelegate.h */,
				838306A82326955B00186E51 /* SceneDelegate.m */,
				838306AA2326955B00186E51 /* ViewController.h */,
				838306AB2326955B00186E51 /* ViewController.m */,
				838306AD2326955B00186E51 /* Main.storyboard */,
				838306B02326955C00186E51 /* Assets.xcassets */,
				838306B22326955C00186E51 /* LaunchScreen.storyboard */,
				838306B52326955C00186E51 /* Info.plist */,
				838306B62326955C00186E51 /* main.m */,
			);
			path = HWLMutableLabel;
			sourceTree = "<group>";
		};
		838306BF2326955C00186E51 /* HWLMutableLabelTests */ = {
			isa = PBXGroup;
			children = (
				838306C02326955C00186E51 /* HWLMutableLabelTests.m */,
				838306C22326955C00186E51 /* Info.plist */,
			);
			path = HWLMutableLabelTests;
			sourceTree = "<group>";
		};
		838306CA2326955C00186E51 /* HWLMutableLabelUITests */ = {
			isa = PBXGroup;
			children = (
				838306CB2326955C00186E51 /* HWLMutableLabelUITests.m */,
				838306CD2326955C00186E51 /* Info.plist */,
			);
			path = HWLMutableLabelUITests;
			sourceTree = "<group>";
		};
		838306D9232695B100186E51 /* Classes */ = {
			isa = PBXGroup;
			children = (
				838306E1232698FE00186E51 /* HWLMutableLabel.h */,
				838306E0232698FE00186E51 /* HWLMutableLabel.m */,
				838306DD232695EA00186E51 /* UILabel+NSAttributedString.h */,
				838306DE232695EA00186E51 /* UILabel+NSAttributedString.m */,
			);
			name = Classes;
			path = HWLMutableLabel/Classes;
			sourceTree = "<group>";
		};
		DD7A3BEC808552F8D800DF74 /* Frameworks */ = {
			isa = PBXGroup;
			children = (
				9E5079A5DB9C8428C27D7737 /* libPods-HWLMutableLabel.a */,
				E4DD245EA3D4448503031AAF /* libPods-HWLMutableLabelTests.a */,
				5461F1E3F87E50E9ECE3C927 /* libPods-HWLMutableLabelUITests.a */,
			);
			name = Frameworks;
			sourceTree = "<group>";
		};
/* End PBXGroup section */

/* Begin PBXNativeTarget section */
		838306A02326955A00186E51 /* HWLMutableLabel */ = {
			isa = PBXNativeTarget;
			buildConfigurationList = 838306D02326955C00186E51 /* Build configuration list for PBXNativeTarget "HWLMutableLabel" */;
			buildPhases = (
				B29ABF5B78205436DA6ED8E2 /* [CP] Check Pods Manifest.lock */,
				8383069D2326955A00186E51 /* Sources */,
				8383069E2326955A00186E51 /* Frameworks */,
				8383069F2326955A00186E51 /* Resources */,
				7893A23915BFD19F1A5B060B /* [CP] Embed Pods Frameworks */,
				9D68C75076F502D9729F4A50 /* [CP] Copy Pods Resources */,
			);
			buildRules = (
			);
			dependencies = (
			);
			name = HWLMutableLabel;
			productName = HWLMutableLabel;
			productReference = 838306A12326955A00186E51 /* HWLMutableLabel.app */;
			productType = "com.apple.product-type.application";
		};
		838306BB2326955C00186E51 /* HWLMutableLabelTests */ = {
			isa = PBXNativeTarget;
			buildConfigurationList = 838306D32326955C00186E51 /* Build configuration list for PBXNativeTarget "HWLMutableLabelTests" */;
			buildPhases = (
				9456F6509874E908BA8C821A /* [CP] Check Pods Manifest.lock */,
				838306B82326955C00186E51 /* Sources */,
				838306B92326955C00186E51 /* Frameworks */,
				838306BA2326955C00186E51 /* Resources */,
				926D834534B975ECA33C756F /* [CP] Embed Pods Frameworks */,
				EE89D38531365D126D3F28D6 /* [CP] Copy Pods Resources */,
			);
			buildRules = (
			);
			dependencies = (
				838306BE2326955C00186E51 /* PBXTargetDependency */,
			);
			name = HWLMutableLabelTests;
			productName = HWLMutableLabelTests;
			productReference = 838306BC2326955C00186E51 /* HWLMutableLabelTests.xctest */;
			productType = "com.apple.product-type.bundle.unit-test";
		};
		838306C62326955C00186E51 /* HWLMutableLabelUITests */ = {
			isa = PBXNativeTarget;
			buildConfigurationList = 838306D62326955C00186E51 /* Build configuration list for PBXNativeTarget "HWLMutableLabelUITests" */;
			buildPhases = (
				C8585C63516768C836F12C18 /* [CP] Check Pods Manifest.lock */,
				838306C32326955C00186E51 /* Sources */,
				838306C42326955C00186E51 /* Frameworks */,
				838306C52326955C00186E51 /* Resources */,
				3E501F4E694D41062275732F /* [CP] Embed Pods Frameworks */,
				1031A3DCFB49ACD57517E450 /* [CP] Copy Pods Resources */,
			);
			buildRules = (
			);
			dependencies = (
				838306C92326955C00186E51 /* PBXTargetDependency */,
			);
			name = HWLMutableLabelUITests;
			productName = HWLMutableLabelUITests;
			productReference = 838306C72326955C00186E51 /* HWLMutableLabelUITests.xctest */;
			productType = "com.apple.product-type.bundle.ui-testing";
		};
/* End PBXNativeTarget section */

/* Begin PBXProject section */
		838306992326955A00186E51 /* Project object */ = {
			isa = PBXProject;
			attributes = {
				LastUpgradeCheck = 1100;
				ORGANIZATIONNAME = jipengfei;
				TargetAttributes = {
					838306A02326955A00186E51 = {
						CreatedOnToolsVersion = 11.0;
					};
					838306BB2326955C00186E51 = {
						CreatedOnToolsVersion = 11.0;
						TestTargetID = 838306A02326955A00186E51;
					};
					838306C62326955C00186E51 = {
						CreatedOnToolsVersion = 11.0;
						TestTargetID = 838306A02326955A00186E51;
					};
				};
			};
			buildConfigurationList = 8383069C2326955A00186E51 /* Build configuration list for PBXProject "HWLMutableLabel" */;
			compatibilityVersion = "Xcode 9.3";
			developmentRegion = en;
			hasScannedForEncodings = 0;
			knownRegions = (
				en,
				Base,
			);
			mainGroup = 838306982326955A00186E51;
			productRefGroup = 838306A22326955A00186E51 /* Products */;
			projectDirPath = "";
			projectRoot = "";
			targets = (
				838306A02326955A00186E51 /* HWLMutableLabel */,
				838306BB2326955C00186E51 /* HWLMutableLabelTests */,
				838306C62326955C00186E51 /* HWLMutableLabelUITests */,
			);
		};
/* End PBXProject section */

/* Begin PBXResourcesBuildPhase section */
		8383069F2326955A00186E51 /* Resources */ = {
			isa = PBXResourcesBuildPhase;
			buildActionMask = 2147483647;
			files = (
				838306B42326955C00186E51 /* LaunchScreen.storyboard in Resources */,
				838306B12326955C00186E51 /* Assets.xcassets in Resources */,
				838306AF2326955B00186E51 /* Main.storyboard in Resources */,
			);
			runOnlyForDeploymentPostprocessing = 0;
		};
		838306BA2326955C00186E51 /* Resources */ = {
			isa = PBXResourcesBuildPhase;
			buildActionMask = 2147483647;
			files = (
			);
			runOnlyForDeploymentPostprocessing = 0;
		};
		838306C52326955C00186E51 /* Resources */ = {
			isa = PBXResourcesBuildPhase;
			buildActionMask = 2147483647;
			files = (
			);
			runOnlyForDeploymentPostprocessing = 0;
		};
/* End PBXResourcesBuildPhase section */

/* Begin PBXShellScriptBuildPhase section */
		1031A3DCFB49ACD57517E450 /* [CP] Copy Pods Resources */ = {
			isa = PBXShellScriptBuildPhase;
			buildActionMask = 2147483647;
			files = (
			);
			inputFileListPaths = (
			);
			inputPaths = (
			);
			name = "[CP] Copy Pods Resources";
			outputFileListPaths = (
			);
			outputPaths = (
			);
			runOnlyForDeploymentPostprocessing = 0;
			shellPath = /bin/sh;
			shellScript = "\"${SRCROOT}/Pods/Target Support Files/Pods-HWLMutableLabelUITests/Pods-HWLMutableLabelUITests-resources.sh\"\n";
			showEnvVarsInLog = 0;
		};
		3E501F4E694D41062275732F /* [CP] Embed Pods Frameworks */ = {
			isa = PBXShellScriptBuildPhase;
			buildActionMask = 2147483647;
			files = (
			);
			inputFileListPaths = (
			);
			inputPaths = (
			);
			name = "[CP] Embed Pods Frameworks";
			outputFileListPaths = (
			);
			outputPaths = (
			);
			runOnlyForDeploymentPostprocessing = 0;
			shellPath = /bin/sh;
			shellScript = "\"${SRCROOT}/Pods/Target Support Files/Pods-HWLMutableLabelUITests/Pods-HWLMutableLabelUITests-frameworks.sh\"\n";
			showEnvVarsInLog = 0;
		};
		7893A23915BFD19F1A5B060B /* [CP] Embed Pods Frameworks */ = {
			isa = PBXShellScriptBuildPhase;
			buildActionMask = 2147483647;
			files = (
			);
			inputFileListPaths = (
			);
			inputPaths = (
			);
			name = "[CP] Embed Pods Frameworks";
			outputFileListPaths = (
			);
			outputPaths = (
			);
			runOnlyForDeploymentPostprocessing = 0;
			shellPath = /bin/sh;
			shellScript = "\"${SRCROOT}/Pods/Target Support Files/Pods-HWLMutableLabel/Pods-HWLMutableLabel-frameworks.sh\"\n";
			showEnvVarsInLog = 0;
		};
		926D834534B975ECA33C756F /* [CP] Embed Pods Frameworks */ = {
			isa = PBXShellScriptBuildPhase;
			buildActionMask = 2147483647;
			files = (
			);
			inputFileListPaths = (
			);
			inputPaths = (
			);
			name = "[CP] Embed Pods Frameworks";
			outputFileListPaths = (
			);
			outputPaths = (
			);
			runOnlyForDeploymentPostprocessing = 0;
			shellPath = /bin/sh;
			shellScript = "\"${SRCROOT}/Pods/Target Support Files/Pods-HWLMutableLabelTests/Pods-HWLMutableLabelTests-frameworks.sh\"\n";
			showEnvVarsInLog = 0;
		};
		9456F6509874E908BA8C821A /* [CP] Check Pods Manifest.lock */ = {
			isa = PBXShellScriptBuildPhase;
			buildActionMask = 2147483647;
			files = (
			);
			inputFileListPaths = (
			);
			inputPaths = (
				"${PODS_PODFILE_DIR_PATH}/Podfile.lock",
				"${PODS_ROOT}/Manifest.lock",
			);
			name = "[CP] Check Pods Manifest.lock";
			outputFileListPaths = (
			);
			outputPaths = (
				"$(DERIVED_FILE_DIR)/Pods-HWLMutableLabelTests-checkManifestLockResult.txt",
			);
			runOnlyForDeploymentPostprocessing = 0;
			shellPath = /bin/sh;
			shellScript = "diff \"${PODS_PODFILE_DIR_PATH}/Podfile.lock\" \"${PODS_ROOT}/Manifest.lock\" > /dev/null\nif [ $? != 0 ] ; then\n    # print error to STDERR\n    echo \"error: The sandbox is not in sync with the Podfile.lock. Run 'pod install' or update your CocoaPods installation.\" >&2\n    exit 1\nfi\n# This output is used by Xcode 'outputs' to avoid re-running this script phase.\necho \"SUCCESS\" > \"${SCRIPT_OUTPUT_FILE_0}\"\n";
			showEnvVarsInLog = 0;
		};
		9D68C75076F502D9729F4A50 /* [CP] Copy Pods Resources */ = {
			isa = PBXShellScriptBuildPhase;
			buildActionMask = 2147483647;
			files = (
			);
			inputFileListPaths = (
			);
			inputPaths = (
			);
			name = "[CP] Copy Pods Resources";
			outputFileListPaths = (
			);
			outputPaths = (
			);
			runOnlyForDeploymentPostprocessing = 0;
			shellPath = /bin/sh;
			shellScript = "\"${SRCROOT}/Pods/Target Support Files/Pods-HWLMutableLabel/Pods-HWLMutableLabel-resources.sh\"\n";
			showEnvVarsInLog = 0;
		};
		B29ABF5B78205436DA6ED8E2 /* [CP] Check Pods Manifest.lock */ = {
			isa = PBXShellScriptBuildPhase;
			buildActionMask = 2147483647;
			files = (
			);
			inputFileListPaths = (
			);
			inputPaths = (
				"${PODS_PODFILE_DIR_PATH}/Podfile.lock",
				"${PODS_ROOT}/Manifest.lock",
			);
			name = "[CP] Check Pods Manifest.lock";
			outputFileListPaths = (
			);
			outputPaths = (
				"$(DERIVED_FILE_DIR)/Pods-HWLMutableLabel-checkManifestLockResult.txt",
			);
			runOnlyForDeploymentPostprocessing = 0;
			shellPath = /bin/sh;
			shellScript = "diff \"${PODS_PODFILE_DIR_PATH}/Podfile.lock\" \"${PODS_ROOT}/Manifest.lock\" > /dev/null\nif [ $? != 0 ] ; then\n    # print error to STDERR\n    echo \"error: The sandbox is not in sync with the Podfile.lock. Run 'pod install' or update your CocoaPods installation.\" >&2\n    exit 1\nfi\n# This output is used by Xcode 'outputs' to avoid re-running this script phase.\necho \"SUCCESS\" > \"${SCRIPT_OUTPUT_FILE_0}\"\n";
			showEnvVarsInLog = 0;
		};
		C8585C63516768C836F12C18 /* [CP] Check Pods Manifest.lock */ = {
			isa = PBXShellScriptBuildPhase;
			buildActionMask = 2147483647;
			files = (
			);
			inputFileListPaths = (
			);
			inputPaths = (
				"${PODS_PODFILE_DIR_PATH}/Podfile.lock",
				"${PODS_ROOT}/Manifest.lock",
			);
			name = "[CP] Check Pods Manifest.lock";
			outputFileListPaths = (
			);
			outputPaths = (
				"$(DERIVED_FILE_DIR)/Pods-HWLMutableLabelUITests-checkManifestLockResult.txt",
			);
			runOnlyForDeploymentPostprocessing = 0;
			shellPath = /bin/sh;
			shellScript = "diff \"${PODS_PODFILE_DIR_PATH}/Podfile.lock\" \"${PODS_ROOT}/Manifest.lock\" > /dev/null\nif [ $? != 0 ] ; then\n    # print error to STDERR\n    echo \"error: The sandbox is not in sync with the Podfile.lock. Run 'pod install' or update your CocoaPods installation.\" >&2\n    exit 1\nfi\n# This output is used by Xcode 'outputs' to avoid re-running this script phase.\necho \"SUCCESS\" > \"${SCRIPT_OUTPUT_FILE_0}\"\n";
			showEnvVarsInLog = 0;
		};
		EE89D38531365D126D3F28D6 /* [CP] Copy Pods Resources */ = {
			isa = PBXShellScriptBuildPhase;
			buildActionMask = 2147483647;
			files = (
			);
			inputFileListPaths = (
			);
			inputPaths = (
			);
			name = "[CP] Copy Pods Resources";
			outputFileListPaths = (
			);
			outputPaths = (
			);
			runOnlyForDeploymentPostprocessing = 0;
			shellPath = /bin/sh;
			shellScript = "\"${SRCROOT}/Pods/Target Support Files/Pods-HWLMutableLabelTests/Pods-HWLMutableLabelTests-resources.sh\"\n";
			showEnvVarsInLog = 0;
		};
/* End PBXShellScriptBuildPhase section */

/* Begin PBXSourcesBuildPhase section */
		8383069D2326955A00186E51 /* Sources */ = {
			isa = PBXSourcesBuildPhase;
			buildActionMask = 2147483647;
			files = (
				838306AC2326955B00186E51 /* ViewController.m in Sources */,
				838306A62326955B00186E51 /* AppDelegate.m in Sources */,
				838306DF232695EA00186E51 /* UILabel+NSAttributedString.m in Sources */,
				838306E2232698FE00186E51 /* HWLMutableLabel.m in Sources */,
				838306B72326955C00186E51 /* main.m in Sources */,
				838306A92326955B00186E51 /* SceneDelegate.m in Sources */,
			);
			runOnlyForDeploymentPostprocessing = 0;
		};
		838306B82326955C00186E51 /* Sources */ = {
			isa = PBXSourcesBuildPhase;
			buildActionMask = 2147483647;
			files = (
				838306C12326955C00186E51 /* HWLMutableLabelTests.m in Sources */,
			);
			runOnlyForDeploymentPostprocessing = 0;
		};
		838306C32326955C00186E51 /* Sources */ = {
			isa = PBXSourcesBuildPhase;
			buildActionMask = 2147483647;
			files = (
				838306CC2326955C00186E51 /* HWLMutableLabelUITests.m in Sources */,
			);
			runOnlyForDeploymentPostprocessing = 0;
		};
/* End PBXSourcesBuildPhase section */

/* Begin PBXTargetDependency section */
		838306BE2326955C00186E51 /* PBXTargetDependency */ = {
			isa = PBXTargetDependency;
			target = 838306A02326955A00186E51 /* HWLMutableLabel */;
			targetProxy = 838306BD2326955C00186E51 /* PBXContainerItemProxy */;
		};
		838306C92326955C00186E51 /* PBXTargetDependency */ = {
			isa = PBXTargetDependency;
			target = 838306A02326955A00186E51 /* HWLMutableLabel */;
			targetProxy = 838306C82326955C00186E51 /* PBXContainerItemProxy */;
		};
/* End PBXTargetDependency section */

/* Begin PBXVariantGroup section */
		838306AD2326955B00186E51 /* Main.storyboard */ = {
			isa = PBXVariantGroup;
			children = (
				838306AE2326955B00186E51 /* Base */,
			);
			name = Main.storyboard;
			sourceTree = "<group>";
		};
		838306B22326955C00186E51 /* LaunchScreen.storyboard */ = {
			isa = PBXVariantGroup;
			children = (
				838306B32326955C00186E51 /* Base */,
			);
			name = LaunchScreen.storyboard;
			sourceTree = "<group>";
		};
/* End PBXVariantGroup section */

/* Begin XCBuildConfiguration section */
		838306CE2326955C00186E51 /* Debug */ = {
			isa = XCBuildConfiguration;
			buildSettings = {
				ALWAYS_SEARCH_USER_PATHS = NO;
				CLANG_ANALYZER_NONNULL = YES;
				CLANG_ANALYZER_NUMBER_OBJECT_CONVERSION = YES_AGGRESSIVE;
				CLANG_CXX_LANGUAGE_STANDARD = "gnu++14";
				CLANG_CXX_LIBRARY = "libc++";
				CLANG_ENABLE_MODULES = YES;
				CLANG_ENABLE_OBJC_ARC = YES;
				CLANG_ENABLE_OBJC_WEAK = YES;
				CLANG_WARN_BLOCK_CAPTURE_AUTORELEASING = YES;
				CLANG_WARN_BOOL_CONVERSION = YES;
				CLANG_WARN_COMMA = YES;
				CLANG_WARN_CONSTANT_CONVERSION = YES;
				CLANG_WARN_DEPRECATED_OBJC_IMPLEMENTATIONS = YES;
				CLANG_WARN_DIRECT_OBJC_ISA_USAGE = YES_ERROR;
				CLANG_WARN_DOCUMENTATION_COMMENTS = YES;
				CLANG_WARN_EMPTY_BODY = YES;
				CLANG_WARN_ENUM_CONVERSION = YES;
				CLANG_WARN_INFINITE_RECURSION = YES;
				CLANG_WARN_INT_CONVERSION = YES;
				CLANG_WARN_NON_LITERAL_NULL_CONVERSION = YES;
				CLANG_WARN_OBJC_IMPLICIT_RETAIN_SELF = YES;
				CLANG_WARN_OBJC_LITERAL_CONVERSION = YES;
				CLANG_WARN_OBJC_ROOT_CLASS = YES_ERROR;
				CLANG_WARN_RANGE_LOOP_ANALYSIS = YES;
				CLANG_WARN_STRICT_PROTOTYPES = YES;
				CLANG_WARN_SUSPICIOUS_MOVE = YES;
				CLANG_WARN_UNGUARDED_AVAILABILITY = YES_AGGRESSIVE;
				CLANG_WARN_UNREACHABLE_CODE = YES;
				CLANG_WARN__DUPLICATE_METHOD_MATCH = YES;
				COPY_PHASE_STRIP = NO;
				DEBUG_INFORMATION_FORMAT = dwarf;
				ENABLE_STRICT_OBJC_MSGSEND = YES;
				ENABLE_TESTABILITY = YES;
				GCC_C_LANGUAGE_STANDARD = gnu11;
				GCC_DYNAMIC_NO_PIC = NO;
				GCC_NO_COMMON_BLOCKS = YES;
				GCC_OPTIMIZATION_LEVEL = 0;
				GCC_PREPROCESSOR_DEFINITIONS = (
					"DEBUG=1",
					"$(inherited)",
				);
				GCC_WARN_64_TO_32_BIT_CONVERSION = YES;
				GCC_WARN_ABOUT_RETURN_TYPE = YES_ERROR;
				GCC_WARN_UNDECLARED_SELECTOR = YES;
				GCC_WARN_UNINITIALIZED_AUTOS = YES_AGGRESSIVE;
				GCC_WARN_UNUSED_FUNCTION = YES;
				GCC_WARN_UNUSED_VARIABLE = YES;
				IPHONEOS_DEPLOYMENT_TARGET = 12.0;
				MTL_ENABLE_DEBUG_INFO = INCLUDE_SOURCE;
				MTL_FAST_MATH = YES;
				ONLY_ACTIVE_ARCH = YES;
				SDKROOT = iphoneos;
			};
			name = Debug;
		};
		838306CF2326955C00186E51 /* Release */ = {
			isa = XCBuildConfiguration;
			buildSettings = {
				ALWAYS_SEARCH_USER_PATHS = NO;
				CLANG_ANALYZER_NONNULL = YES;
				CLANG_ANALYZER_NUMBER_OBJECT_CONVERSION = YES_AGGRESSIVE;
				CLANG_CXX_LANGUAGE_STANDARD = "gnu++14";
				CLANG_CXX_LIBRARY = "libc++";
				CLANG_ENABLE_MODULES = YES;
				CLANG_ENABLE_OBJC_ARC = YES;
				CLANG_ENABLE_OBJC_WEAK = YES;
				CLANG_WARN_BLOCK_CAPTURE_AUTORELEASING = YES;
				CLANG_WARN_BOOL_CONVERSION = YES;
				CLANG_WARN_COMMA = YES;
				CLANG_WARN_CONSTANT_CONVERSION = YES;
				CLANG_WARN_DEPRECATED_OBJC_IMPLEMENTATIONS = YES;
				CLANG_WARN_DIRECT_OBJC_ISA_USAGE = YES_ERROR;
				CLANG_WARN_DOCUMENTATION_COMMENTS = YES;
				CLANG_WARN_EMPTY_BODY = YES;
				CLANG_WARN_ENUM_CONVERSION = YES;
				CLANG_WARN_INFINITE_RECURSION = YES;
				CLANG_WARN_INT_CONVERSION = YES;
				CLANG_WARN_NON_LITERAL_NULL_CONVERSION = YES;
				CLANG_WARN_OBJC_IMPLICIT_RETAIN_SELF = YES;
				CLANG_WARN_OBJC_LITERAL_CONVERSION = YES;
				CLANG_WARN_OBJC_ROOT_CLASS = YES_ERROR;
				CLANG_WARN_RANGE_LOOP_ANALYSIS = YES;
				CLANG_WARN_STRICT_PROTOTYPES = YES;
				CLANG_WARN_SUSPICIOUS_MOVE = YES;
				CLANG_WARN_UNGUARDED_AVAILABILITY = YES_AGGRESSIVE;
				CLANG_WARN_UNREACHABLE_CODE = YES;
				CLANG_WARN__DUPLICATE_METHOD_MATCH = YES;
				COPY_PHASE_STRIP = NO;
				DEBUG_INFORMATION_FORMAT = "dwarf-with-dsym";
				ENABLE_NS_ASSERTIONS = NO;
				ENABLE_STRICT_OBJC_MSGSEND = YES;
				GCC_C_LANGUAGE_STANDARD = gnu11;
				GCC_NO_COMMON_BLOCKS = YES;
				GCC_WARN_64_TO_32_BIT_CONVERSION = YES;
				GCC_WARN_ABOUT_RETURN_TYPE = YES_ERROR;
				GCC_WARN_UNDECLARED_SELECTOR = YES;
				GCC_WARN_UNINITIALIZED_AUTOS = YES_AGGRESSIVE;
				GCC_WARN_UNUSED_FUNCTION = YES;
				GCC_WARN_UNUSED_VARIABLE = YES;
				IPHONEOS_DEPLOYMENT_TARGET = 12.0;
				MTL_ENABLE_DEBUG_INFO = NO;
				MTL_FAST_MATH = YES;
				SDKROOT = iphoneos;
				VALIDATE_PRODUCT = YES;
			};
			name = Release;
		};
		838306D12326955C00186E51 /* Debug */ = {
			isa = XCBuildConfiguration;
			baseConfigurationReference = D9401C5D4563BD75A8A28B69 /* Pods-HWLMutableLabel.debug.xcconfig */;
			buildSettings = {
				ASSETCATALOG_COMPILER_APPICON_NAME = AppIcon;
				CODE_SIGN_STYLE = Automatic;
				DEVELOPMENT_TEAM = VC54HAUG82;
				INFOPLIST_FILE = HWLMutableLabel/Info.plist;
				LD_RUNPATH_SEARCH_PATHS = (
					"$(inherited)",
					"@executable_path/Frameworks",
				);
				PRODUCT_BUNDLE_IDENTIFIER = com.huaweiluo.HWLMutableLabel;
				PRODUCT_NAME = "$(TARGET_NAME)";
				TARGETED_DEVICE_FAMILY = "1,2";
			};
			name = Debug;
		};
		838306D22326955C00186E51 /* Release */ = {
			isa = XCBuildConfiguration;
			baseConfigurationReference = A8F62EEC1586BEB43EE82A86 /* Pods-HWLMutableLabel.release.xcconfig */;
			buildSettings = {
				ASSETCATALOG_COMPILER_APPICON_NAME = AppIcon;
				CODE_SIGN_STYLE = Automatic;
				DEVELOPMENT_TEAM = VC54HAUG82;
				INFOPLIST_FILE = HWLMutableLabel/Info.plist;
				LD_RUNPATH_SEARCH_PATHS = (
					"$(inherited)",
					"@executable_path/Frameworks",
				);
				PRODUCT_BUNDLE_IDENTIFIER = com.huaweiluo.HWLMutableLabel;
				PRODUCT_NAME = "$(TARGET_NAME)";
				TARGETED_DEVICE_FAMILY = "1,2";
			};
			name = Release;
		};
		838306D42326955C00186E51 /* Debug */ = {
			isa = XCBuildConfiguration;
			baseConfigurationReference = 6B0C81FD71AA020BBC59F82F /* Pods-HWLMutableLabelTests.debug.xcconfig */;
			buildSettings = {
				BUNDLE_LOADER = "$(TEST_HOST)";
				CODE_SIGN_STYLE = Automatic;
				DEVELOPMENT_TEAM = VC54HAUG82;
				INFOPLIST_FILE = HWLMutableLabelTests/Info.plist;
				LD_RUNPATH_SEARCH_PATHS = (
					"$(inherited)",
					"@executable_path/Frameworks",
					"@loader_path/Frameworks",
				);
				PRODUCT_BUNDLE_IDENTIFIER = com.huaweiluo.HWLMutableLabelTests;
				PRODUCT_NAME = "$(TARGET_NAME)";
				TARGETED_DEVICE_FAMILY = "1,2";
				TEST_HOST = "$(BUILT_PRODUCTS_DIR)/HWLMutableLabel.app/HWLMutableLabel";
			};
			name = Debug;
		};
		838306D52326955C00186E51 /* Release */ = {
			isa = XCBuildConfiguration;
			baseConfigurationReference = AE9C1B7F0CCE380DEEBB8F34 /* Pods-HWLMutableLabelTests.release.xcconfig */;
			buildSettings = {
				BUNDLE_LOADER = "$(TEST_HOST)";
				CODE_SIGN_STYLE = Automatic;
				DEVELOPMENT_TEAM = VC54HAUG82;
				INFOPLIST_FILE = HWLMutableLabelTests/Info.plist;
				LD_RUNPATH_SEARCH_PATHS = (
					"$(inherited)",
					"@executable_path/Frameworks",
					"@loader_path/Frameworks",
				);
				PRODUCT_BUNDLE_IDENTIFIER = com.huaweiluo.HWLMutableLabelTests;
				PRODUCT_NAME = "$(TARGET_NAME)";
				TARGETED_DEVICE_FAMILY = "1,2";
				TEST_HOST = "$(BUILT_PRODUCTS_DIR)/HWLMutableLabel.app/HWLMutableLabel";
			};
			name = Release;
		};
		838306D72326955C00186E51 /* Debug */ = {
			isa = XCBuildConfiguration;
			baseConfigurationReference = CA34D9AF61EAD0093199EFB9 /* Pods-HWLMutableLabelUITests.debug.xcconfig */;
			buildSettings = {
				CODE_SIGN_STYLE = Automatic;
				DEVELOPMENT_TEAM = VC54HAUG82;
				INFOPLIST_FILE = HWLMutableLabelUITests/Info.plist;
				LD_RUNPATH_SEARCH_PATHS = (
					"$(inherited)",
					"@executable_path/Frameworks",
					"@loader_path/Frameworks",
				);
				PRODUCT_BUNDLE_IDENTIFIER = com.huaweiluo.HWLMutableLabelUITests;
				PRODUCT_NAME = "$(TARGET_NAME)";
				TARGETED_DEVICE_FAMILY = "1,2";
				TEST_TARGET_NAME = HWLMutableLabel;
			};
			name = Debug;
		};
		838306D82326955C00186E51 /* Release */ = {
			isa = XCBuildConfiguration;
			baseConfigurationReference = 6F67E715293C68E4ED93C519 /* Pods-HWLMutableLabelUITests.release.xcconfig */;
			buildSettings = {
				CODE_SIGN_STYLE = Automatic;
				DEVELOPMENT_TEAM = VC54HAUG82;
				INFOPLIST_FILE = HWLMutableLabelUITests/Info.plist;
				LD_RUNPATH_SEARCH_PATHS = (
					"$(inherited)",
					"@executable_path/Frameworks",
					"@loader_path/Frameworks",
				);
				PRODUCT_BUNDLE_IDENTIFIER = com.huaweiluo.HWLMutableLabelUITests;
				PRODUCT_NAME = "$(TARGET_NAME)";
				TARGETED_DEVICE_FAMILY = "1,2";
				TEST_TARGET_NAME = HWLMutableLabel;
			};
			name = Release;
		};
/* End XCBuildConfiguration section */

/* Begin XCConfigurationList section */
		8383069C2326955A00186E51 /* Build configuration list for PBXProject "HWLMutableLabel" */ = {
			isa = XCConfigurationList;
			buildConfigurations = (
				838306CE2326955C00186E51 /* Debug */,
				838306CF2326955C00186E51 /* Release */,
			);
			defaultConfigurationIsVisible = 0;
			defaultConfigurationName = Release;
		};
		838306D02326955C00186E51 /* Build configuration list for PBXNativeTarget "HWLMutableLabel" */ = {
			isa = XCConfigurationList;
			buildConfigurations = (
				838306D12326955C00186E51 /* Debug */,
				838306D22326955C00186E51 /* Release */,
			);
			defaultConfigurationIsVisible = 0;
			defaultConfigurationName = Release;
		};
		838306D32326955C00186E51 /* Build configuration list for PBXNativeTarget "HWLMutableLabelTests" */ = {
			isa = XCConfigurationList;
			buildConfigurations = (
				838306D42326955C00186E51 /* Debug */,
				838306D52326955C00186E51 /* Release */,
			);
			defaultConfigurationIsVisible = 0;
			defaultConfigurationName = Release;
		};
		838306D62326955C00186E51 /* Build configuration list for PBXNativeTarget "HWLMutableLabelUITests" */ = {
			isa = XCConfigurationList;
			buildConfigurations = (
				838306D72326955C00186E51 /* Debug */,
				838306D82326955C00186E51 /* Release */,
			);
			defaultConfigurationIsVisible = 0;
			defaultConfigurationName = Release;
		};
/* End XCConfigurationList section */
	};
	rootObject = 838306992326955A00186E51 /* Project object */;
}
